
Microsoft Visual Studio Solution File, Format Version 12.00
# Visual Studio Version 17
VisualStudioVersion = 17.9.34607.119
MinimumVisualStudioVersion = 10.0.40219.1
Project("{FAE04EC0-301F-11D3-BF4B-00C04F79EFBC}") = "CursoApp", "CursoApp\CursoApp.csproj", "{D0574DD3-41C7-49D7-83FC-64F5F6618029}"
EndProject
Global
	GlobalSection(SolutionConfigurationPlatforms) = preSolution
		Debug|Any CPU = Debug|Any CPU
		Release|Any CPU = Release|Any CPU
	EndGlobalSection
	GlobalSection(ProjectConfigurationPlatforms) = postSolution
		{D0574DD3-41C7-49D7-83FC-64F5F6618029}.Debug|Any CPU.ActiveCfg = Debug|Any CPU
		{D0574DD3-41C7-49D7-83FC-64F5F6618029}.Debug|Any CPU.Build.0 = Debug|Any CPU
		{D0574DD3-41C7-49D7-83FC-64F5F6618029}.Release|Any CPU.ActiveCfg = Release|Any CPU
		{D0574DD3-41C7-49D7-83FC-64F5F6618029}.Release|Any CPU.Build.0 = Release|Any CPU
	EndGlobalSection
	GlobalSection(SolutionProperties) = preSolution
		HideSolutionNode = FALSE
	EndGlobalSection
	GlobalSection(ExtensibilityGlobals) = postSolution
		SolutionGuid = {DC75F24A-F4ED-4B9F-A173-F9EAE0D61852}
	EndGlobalSection
EndGlobal
